// !$*UTF8*$!
{
	archiveVersion = 1;
	classes = {
	};
	objectVersion = 50;
	objects = {

/* Begin PBXBuildFile section */
		0A60F61727759A1E00E376EE /* Lang.swift in Sources */ = {isa = PBXBuildFile; fileRef = 0A60F61627759A1E00E376EE /* Lang.swift */; };
		0AD893A927672DE00005CCC4 /* AlgoApp.swift in Sources */ = {isa = PBXBuildFile; fileRef = 0AD893A827672DE00005CCC4 /* AlgoApp.swift */; };
		0AD893AD27672DE20005CCC4 /* Assets.xcassets in Resources */ = {isa = PBXBuildFile; fileRef = 0AD893AC27672DE20005CCC4 /* Assets.xcassets */; };
		0AD893B027672DE20005CCC4 /* Preview Assets.xcassets in Resources */ = {isa = PBXBuildFile; fileRef = 0AD893AF27672DE20005CCC4 /* Preview Assets.xcassets */; };
		0AD893B427672E190005CCC4 /* TreeView.swift in Sources */ = {isa = PBXBuildFile; fileRef = 0AFB7B9D276724920075DE32 /* TreeView.swift */; };
		0AD893B527672E190005CCC4 /* SortView.swift in Sources */ = {isa = PBXBuildFile; fileRef = 0AFB7B9C276724920075DE32 /* SortView.swift */; };
		0AD893B627672E190005CCC4 /* HomeView.swift in Sources */ = {isa = PBXBuildFile; fileRef = 0AFB7BB2276724930075DE32 /* HomeView.swift */; };
		0AD893B727672E2F0005CCC4 /* Definition.swift in Sources */ = {isa = PBXBuildFile; fileRef = 0AFB7BA1276724920075DE32 /* Definition.swift */; };
		0AD893B827672E4C0005CCC4 /* Bar.swift in Sources */ = {isa = PBXBuildFile; fileRef = 0AFB7BA3276724920075DE32 /* Bar.swift */; };
		0AD893BB276732AB0005CCC4 /* DataCollectView.swift in Sources */ = {isa = PBXBuildFile; fileRef = 0AD893BA276732AB0005CCC4 /* DataCollectView.swift */; };
		0AD893BD276763220005CCC4 /* SortInfoView.swift in Sources */ = {isa = PBXBuildFile; fileRef = 0AD893BC276763220005CCC4 /* SortInfoView.swift */; };
/* End PBXBuildFile section */

/* Begin PBXFileReference section */
		0A60F61627759A1E00E376EE /* Lang.swift */ = {isa = PBXFileReference; lastKnownFileType = sourcecode.swift; path = Lang.swift; sourceTree = "<group>"; };
		0AD893A627672DE00005CCC4 /* Algo.app */ = {isa = PBXFileReference; explicitFileType = wrapper.application; includeInIndex = 0; path = Algo.app; sourceTree = BUILT_PRODUCTS_DIR; };
		0AD893A827672DE00005CCC4 /* AlgoApp.swift */ = {isa = PBXFileReference; lastKnownFileType = sourcecode.swift; path = AlgoApp.swift; sourceTree = "<group>"; };
		0AD893AC27672DE20005CCC4 /* Assets.xcassets */ = {isa = PBXFileReference; lastKnownFileType = folder.assetcatalog; path = Assets.xcassets; sourceTree = "<group>"; };
		0AD893AF27672DE20005CCC4 /* Preview Assets.xcassets */ = {isa = PBXFileReference; lastKnownFileType = folder.assetcatalog; path = "Preview Assets.xcassets"; sourceTree = "<group>"; };
		0AD893BA276732AB0005CCC4 /* DataCollectView.swift */ = {isa = PBXFileReference; lastKnownFileType = sourcecode.swift; path = DataCollectView.swift; sourceTree = "<group>"; };
		0AD893BC276763220005CCC4 /* SortInfoView.swift */ = {isa = PBXFileReference; lastKnownFileType = sourcecode.swift; path = SortInfoView.swift; sourceTree = "<group>"; };
		0AFB7B9C276724920075DE32 /* SortView.swift */ = {isa = PBXFileReference; lastKnownFileType = sourcecode.swift; path = SortView.swift; sourceTree = "<group>"; };
		0AFB7B9D276724920075DE32 /* TreeView.swift */ = {isa = PBXFileReference; lastKnownFileType = sourcecode.swift; path = TreeView.swift; sourceTree = "<group>"; };
		0AFB7BA1276724920075DE32 /* Definition.swift */ = {isa = PBXFileReference; lastKnownFileType = sourcecode.swift; path = Definition.swift; sourceTree = "<group>"; };
		0AFB7BA3276724920075DE32 /* Bar.swift */ = {isa = PBXFileReference; lastKnownFileType = sourcecode.swift; path = Bar.swift; sourceTree = "<group>"; };
		0AFB7BB2276724930075DE32 /* HomeView.swift */ = {isa = PBXFileReference; lastKnownFileType = sourcecode.swift; path = HomeView.swift; sourceTree = "<group>"; };
		0AFB7BC5276725F30075DE32 /* README.md */ = {isa = PBXFileReference; lastKnownFileType = net.daringfireball.markdown; path = README.md; sourceTree = "<group>"; };
/* End PBXFileReference section */

/* Begin PBXFrameworksBuildPhase section */
		0AD893A327672DE00005CCC4 /* Frameworks */ = {
			isa = PBXFrameworksBuildPhase;
			buildActionMask = 2147483647;
			files = (
			);
			runOnlyForDeploymentPostprocessing = 0;
		};
/* End PBXFrameworksBuildPhase section */

/* Begin PBXGroup section */
		0AD893A727672DE00005CCC4 /* Algo */ = {
			isa = PBXGroup;
			children = (
				0AD893BE2768367D0005CCC4 /* Localization */,
				0AD893B92767327C0005CCC4 /* SplitView */,
				0AD893A827672DE00005CCC4 /* AlgoApp.swift */,
				0AFB7BB2276724930075DE32 /* HomeView.swift */,
				0AFB7B9D276724920075DE32 /* TreeView.swift */,
				0AFB7B9C276724920075DE32 /* SortView.swift */,
				0AFB7BA1276724920075DE32 /* Definition.swift */,
				0AD893AC27672DE20005CCC4 /* Assets.xcassets */,
				0AD893AE27672DE20005CCC4 /* Preview Content */,
			);
			path = Algo;
			sourceTree = "<group>";
		};
		0AD893AE27672DE20005CCC4 /* Preview Content */ = {
			isa = PBXGroup;
			children = (
				0AD893AF27672DE20005CCC4 /* Preview Assets.xcassets */,
			);
			path = "Preview Content";
			sourceTree = "<group>";
		};
		0AD893B92767327C0005CCC4 /* SplitView */ = {
			isa = PBXGroup;
			children = (
				0AFB7BA3276724920075DE32 /* Bar.swift */,
				0AD893BA276732AB0005CCC4 /* DataCollectView.swift */,
				0AD893BC276763220005CCC4 /* SortInfoView.swift */,
			);
			path = SplitView;
			sourceTree = "<group>";
		};
		0AD893BE2768367D0005CCC4 /* Localization */ = {
			isa = PBXGroup;
			children = (
				0A60F61627759A1E00E376EE /* Lang.swift */,
			);
			path = Localization;
			sourceTree = "<group>";
		};
		30ED15E9244E887600B144C3 = {
			isa = PBXGroup;
			children = (
				0AFB7BC5276725F30075DE32 /* README.md */,
				0AD893A727672DE00005CCC4 /* Algo */,
				30ED15F3244E887600B144C3 /* Products */,
			);
			sourceTree = "<group>";
		};
		30ED15F3244E887600B144C3 /* Products */ = {
			isa = PBXGroup;
			children = (
				0AD893A627672DE00005CCC4 /* Algo.app */,
			);
			name = Products;
			sourceTree = "<group>";
		};
/* End PBXGroup section */

/* Begin PBXNativeTarget section */
		0AD893A527672DE00005CCC4 /* Algo */ = {
			isa = PBXNativeTarget;
			buildConfigurationList = 0AD893B127672DE20005CCC4 /* Build configuration list for PBXNativeTarget "Algo" */;
			buildPhases = (
				0AD893A227672DE00005CCC4 /* Sources */,
				0AD893A327672DE00005CCC4 /* Frameworks */,
				0AD893A427672DE00005CCC4 /* Resources */,
			);
			buildRules = (
			);
			dependencies = (
			);
			name = Algo;
			productName = Algo;
			productReference = 0AD893A627672DE00005CCC4 /* Algo.app */;
			productType = "com.apple.product-type.application";
		};
/* End PBXNativeTarget section */

/* Begin PBXProject section */
		30ED15EA244E887600B144C3 /* Project object */ = {
			isa = PBXProject;
			attributes = {
				KnownAssetTags = (
					New,
				);
				LastSwiftUpdateCheck = 1300;
				LastUpgradeCheck = 1300;
				ORGANIZATIONNAME = "Marshall Lee";
				TargetAttributes = {
					0AD893A527672DE00005CCC4 = {
						CreatedOnToolsVersion = 13.0;
					};
				};
			};
			buildConfigurationList = 30ED15ED244E887600B144C3 /* Build configuration list for PBXProject "Algorithm Visualizer" */;
			compatibilityVersion = "Xcode 9.3";
			developmentRegion = en;
			hasScannedForEncodings = 0;
			knownRegions = (
				en,
				Base,
			);
			mainGroup = 30ED15E9244E887600B144C3;
			productRefGroup = 30ED15F3244E887600B144C3 /* Products */;
			projectDirPath = "";
			projectRoot = "";
			targets = (
				0AD893A527672DE00005CCC4 /* Algo */,
			);
		};
/* End PBXProject section */

/* Begin PBXResourcesBuildPhase section */
		0AD893A427672DE00005CCC4 /* Resources */ = {
			isa = PBXResourcesBuildPhase;
			buildActionMask = 2147483647;
			files = (
				0AD893B027672DE20005CCC4 /* Preview Assets.xcassets in Resources */,
				0AD893AD27672DE20005CCC4 /* Assets.xcassets in Resources */,
			);
			runOnlyForDeploymentPostprocessing = 0;
		};
/* End PBXResourcesBuildPhase section */

/* Begin PBXSourcesBuildPhase section */
		0AD893A227672DE00005CCC4 /* Sources */ = {
			isa = PBXSourcesBuildPhase;
			buildActionMask = 2147483647;
			files = (
				0AD893B527672E190005CCC4 /* SortView.swift in Sources */,
				0AD893B827672E4C0005CCC4 /* Bar.swift in Sources */,
				0AD893B427672E190005CCC4 /* TreeView.swift in Sources */,
				0AD893BB276732AB0005CCC4 /* DataCollectView.swift in Sources */,
				0AD893BD276763220005CCC4 /* SortInfoView.swift in Sources */,
				0A60F61727759A1E00E376EE /* Lang.swift in Sources */,
				0AD893B627672E190005CCC4 /* HomeView.swift in Sources */,
				0AD893B727672E2F0005CCC4 /* Definition.swift in Sources */,
				0AD893A927672DE00005CCC4 /* AlgoApp.swift in Sources */,
			);
			runOnlyForDeploymentPostprocessing = 0;
		};
/* End PBXSourcesBuildPhase section */

/* Begin XCBuildConfiguration section */
		0AD893B227672DE20005CCC4 /* Debug */ = {
			isa = XCBuildConfiguration;
			buildSettings = {
				ASSETCATALOG_COMPILER_APPICON_NAME = AppIcon;
				ASSETCATALOG_COMPILER_GLOBAL_ACCENT_COLOR_NAME = AccentColor;
				CLANG_CXX_LANGUAGE_STANDARD = "gnu++17";
				CODE_SIGN_STYLE = Automatic;
				CURRENT_PROJECT_VERSION = 1;
				DEVELOPMENT_ASSET_PATHS = "\"Algo/Preview Content\"";
				DEVELOPMENT_TEAM = 4L8444Q855;
				ENABLE_PREVIEWS = YES;
				GENERATE_INFOPLIST_FILE = YES;
				INFOPLIST_KEY_UIApplicationSceneManifest_Generation = YES;
				INFOPLIST_KEY_UIApplicationSupportsIndirectInputEvents = YES;
				INFOPLIST_KEY_UILaunchScreen_Generation = YES;
				INFOPLIST_KEY_UISupportedInterfaceOrientations_iPad = "UIInterfaceOrientationPortrait UIInterfaceOrientationPortraitUpsideDown UIInterfaceOrientationLandscapeLeft UIInterfaceOrientationLandscapeRight";
				INFOPLIST_KEY_UISupportedInterfaceOrientations_iPhone = "UIInterfaceOrientationPortrait UIInterfaceOrientationLandscapeLeft UIInterfaceOrientationLandscapeRight";
				IPHONEOS_DEPLOYMENT_TARGET = 15.0;
				LD_RUNPATH_SEARCH_PATHS = (
					"$(inherited)",
					"@executable_path/Frameworks",
				);
				MARKETING_VERSION = 1.0;
				PRODUCT_BUNDLE_IDENTIFIER = "Weirui-Kong.Algo";
				PRODUCT_NAME = "$(TARGET_NAME)";
				SWIFT_EMIT_LOC_STRINGS = YES;
				SWIFT_VERSION = 5.0;
				TARGETED_DEVICE_FAMILY = "1,2";
			};
			name = Debug;
		};
		0AD893B327672DE20005CCC4 /* Release */ = {
			isa = XCBuildConfiguration;
			buildSettings = {
				ASSETCATALOG_COMPILER_APPICON_NAME = AppIcon;
				ASSETCATALOG_COMPILER_GLOBAL_ACCENT_COLOR_NAME = AccentColor;
				CLANG_CXX_LANGUAGE_STANDARD = "gnu++17";
				CODE_SIGN_STYLE = Automatic;
				CURRENT_PROJECT_VERSION = 1;
				DEVELOPMENT_ASSET_PATHS = "\"Algo/Preview Content\"";
				DEVELOPMENT_TEAM = 4L8444Q855;
				ENABLE_PREVIEWS = YES;
				GENERATE_INFOPLIST_FILE = YES;
				INFOPLIST_KEY_UIApplicationSceneManifest_Generation = YES;
				INFOPLIST_KEY_UIApplicationSupportsIndirectInputEvents = YES;
				INFOPLIST_KEY_UILaunchScreen_Generation = YES;
				INFOPLIST_KEY_UISupportedInterfaceOrientations_iPad = "UIInterfaceOrientationPortrait UIInterfaceOrientationPortraitUpsideDown UIInterfaceOrientationLandscapeLeft UIInterfaceOrientationLandscapeRight";
				INFOPLIST_KEY_UISupportedInterfaceOrientations_iPhone = "UIInterfaceOrientationPortrait UIInterfaceOrientationLandscapeLeft UIInterfaceOrientationLandscapeRight";
				IPHONEOS_DEPLOYMENT_TARGET = 15.0;
				LD_RUNPATH_SEARCH_PATHS = (
					"$(inherited)",
					"@executable_path/Frameworks",
				);
				MARKETING_VERSION = 1.0;
				PRODUCT_BUNDLE_IDENTIFIER = "Weirui-Kong.Algo";
				PRODUCT_NAME = "$(TARGET_NAME)";
				SWIFT_EMIT_LOC_STRINGS = YES;
				SWIFT_VERSION = 5.0;
				TARGETED_DEVICE_FAMILY = "1,2";
			};
			name = Release;
		};
		30ED161A244E887700B144C3 /* Debug */ = {
			isa = XCBuildConfiguration;
			buildSettings = {
				ALWAYS_SEARCH_USER_PATHS = NO;
				CLANG_ANALYZER_NONNULL = YES;
				CLANG_ANALYZER_NUMBER_OBJECT_CONVERSION = YES_AGGRESSIVE;
				CLANG_CXX_LANGUAGE_STANDARD = "gnu++14";
				CLANG_CXX_LIBRARY = "libc++";
				CLANG_ENABLE_MODULES = YES;
				CLANG_ENABLE_OBJC_ARC = YES;
				CLANG_ENABLE_OBJC_WEAK = YES;
				CLANG_WARN_BLOCK_CAPTURE_AUTORELEASING = YES;
				CLANG_WARN_BOOL_CONVERSION = YES;
				CLANG_WARN_COMMA = YES;
				CLANG_WARN_CONSTANT_CONVERSION = YES;
				CLANG_WARN_DEPRECATED_OBJC_IMPLEMENTATIONS = YES;
				CLANG_WARN_DIRECT_OBJC_ISA_USAGE = YES_ERROR;
				CLANG_WARN_DOCUMENTATION_COMMENTS = YES;
				CLANG_WARN_EMPTY_BODY = YES;
				CLANG_WARN_ENUM_CONVERSION = YES;
				CLANG_WARN_INFINITE_RECURSION = YES;
				CLANG_WARN_INT_CONVERSION = YES;
				CLANG_WARN_NON_LITERAL_NULL_CONVERSION = YES;
				CLANG_WARN_OBJC_IMPLICIT_RETAIN_SELF = YES;
				CLANG_WARN_OBJC_LITERAL_CONVERSION = YES;
				CLANG_WARN_OBJC_ROOT_CLASS = YES_ERROR;
				CLANG_WARN_QUOTED_INCLUDE_IN_FRAMEWORK_HEADER = YES;
				CLANG_WARN_RANGE_LOOP_ANALYSIS = YES;
				CLANG_WARN_STRICT_PROTOTYPES = YES;
				CLANG_WARN_SUSPICIOUS_MOVE = YES;
				CLANG_WARN_UNGUARDED_AVAILABILITY = YES_AGGRESSIVE;
				CLANG_WARN_UNREACHABLE_CODE = YES;
				CLANG_WARN__DUPLICATE_METHOD_MATCH = YES;
				COPY_PHASE_STRIP = NO;
				DEBUG_INFORMATION_FORMAT = dwarf;
				ENABLE_STRICT_OBJC_MSGSEND = YES;
				ENABLE_TESTABILITY = YES;
				GCC_C_LANGUAGE_STANDARD = gnu11;
				GCC_DYNAMIC_NO_PIC = NO;
				GCC_NO_COMMON_BLOCKS = YES;
				GCC_OPTIMIZATION_LEVEL = 0;
				GCC_PREPROCESSOR_DEFINITIONS = (
					"DEBUG=1",
					"$(inherited)",
				);
				GCC_WARN_64_TO_32_BIT_CONVERSION = YES;
				GCC_WARN_ABOUT_RETURN_TYPE = YES_ERROR;
				GCC_WARN_UNDECLARED_SELECTOR = YES;
				GCC_WARN_UNINITIALIZED_AUTOS = YES_AGGRESSIVE;
				GCC_WARN_UNUSED_FUNCTION = YES;
				GCC_WARN_UNUSED_VARIABLE = YES;
				IPHONEOS_DEPLOYMENT_TARGET = 13.3;
				MTL_ENABLE_DEBUG_INFO = INCLUDE_SOURCE;
				MTL_FAST_MATH = YES;
				ONLY_ACTIVE_ARCH = YES;
				SDKROOT = iphoneos;
				SWIFT_ACTIVE_COMPILATION_CONDITIONS = DEBUG;
				SWIFT_OPTIMIZATION_LEVEL = "-Onone";
			};
			name = Debug;
		};
		30ED161B244E887700B144C3 /* Release */ = {
			isa = XCBuildConfiguration;
			buildSettings = {
				ALWAYS_SEARCH_USER_PATHS = NO;
				CLANG_ANALYZER_NONNULL = YES;
				CLANG_ANALYZER_NUMBER_OBJECT_CONVERSION = YES_AGGRESSIVE;
				CLANG_CXX_LANGUAGE_STANDARD = "gnu++14";
				CLANG_CXX_LIBRARY = "libc++";
				CLANG_ENABLE_MODULES = YES;
				CLANG_ENABLE_OBJC_ARC = YES;
				CLANG_ENABLE_OBJC_WEAK = YES;
				CLANG_WARN_BLOCK_CAPTURE_AUTORELEASING = YES;
				CLANG_WARN_BOOL_CONVERSION = YES;
				CLANG_WARN_COMMA = YES;
				CLANG_WARN_CONSTANT_CONVERSION = YES;
				CLANG_WARN_DEPRECATED_OBJC_IMPLEMENTATIONS = YES;
				CLANG_WARN_DIRECT_OBJC_ISA_USAGE = YES_ERROR;
				CLANG_WARN_DOCUMENTATION_COMMENTS = YES;
				CLANG_WARN_EMPTY_BODY = YES;
				CLANG_WARN_ENUM_CONVERSION = YES;
				CLANG_WARN_INFINITE_RECURSION = YES;
				CLANG_WARN_INT_CONVERSION = YES;
				CLANG_WARN_NON_LITERAL_NULL_CONVERSION = YES;
				CLANG_WARN_OBJC_IMPLICIT_RETAIN_SELF = YES;
				CLANG_WARN_OBJC_LITERAL_CONVERSION = YES;
				CLANG_WARN_OBJC_ROOT_CLASS = YES_ERROR;
				CLANG_WARN_QUOTED_INCLUDE_IN_FRAMEWORK_HEADER = YES;
				CLANG_WARN_RANGE_LOOP_ANALYSIS = YES;
				CLANG_WARN_STRICT_PROTOTYPES = YES;
				CLANG_WARN_SUSPICIOUS_MOVE = YES;
				CLANG_WARN_UNGUARDED_AVAILABILITY = YES_AGGRESSIVE;
				CLANG_WARN_UNREACHABLE_CODE = YES;
				CLANG_WARN__DUPLICATE_METHOD_MATCH = YES;
				COPY_PHASE_STRIP = NO;
				DEBUG_INFORMATION_FORMAT = "dwarf-with-dsym";
				ENABLE_NS_ASSERTIONS = NO;
				ENABLE_STRICT_OBJC_MSGSEND = YES;
				GCC_C_LANGUAGE_STANDARD = gnu11;
				GCC_NO_COMMON_BLOCKS = YES;
				GCC_WARN_64_TO_32_BIT_CONVERSION = YES;
				GCC_WARN_ABOUT_RETURN_TYPE = YES_ERROR;
				GCC_WARN_UNDECLARED_SELECTOR = YES;
				GCC_WARN_UNINITIALIZED_AUTOS = YES_AGGRESSIVE;
				GCC_WARN_UNUSED_FUNCTION = YES;
				GCC_WARN_UNUSED_VARIABLE = YES;
				IPHONEOS_DEPLOYMENT_TARGET = 13.3;
				MTL_ENABLE_DEBUG_INFO = NO;
				MTL_FAST_MATH = YES;
				SDKROOT = iphoneos;
				SWIFT_COMPILATION_MODE = wholemodule;
				SWIFT_OPTIMIZATION_LEVEL = "-O";
				VALIDATE_PRODUCT = YES;
			};
			name = Release;
		};
/* End XCBuildConfiguration section */

/* Begin XCConfigurationList section */
		0AD893B127672DE20005CCC4 /* Build configuration list for PBXNativeTarget "Algo" */ = {
			isa = XCConfigurationList;
			buildConfigurations = (
				0AD893B227672DE20005CCC4 /* Debug */,
				0AD893B327672DE20005CCC4 /* Release */,
			);
			defaultConfigurationIsVisible = 0;
			defaultConfigurationName = Release;
		};
		30ED15ED244E887600B144C3 /* Build configuration list for PBXProject "Algorithm Visualizer" */ = {
			isa = XCConfigurationList;
			buildConfigurations = (
				30ED161A244E887700B144C3 /* Debug */,
				30ED161B244E887700B144C3 /* Release */,
			);
			defaultConfigurationIsVisible = 0;
			defaultConfigurationName = Release;
		};
/* End XCConfigurationList section */
	};
	rootObject = 30ED15EA244E887600B144C3 /* Project object */;
}
